
Microsoft Visual Studio Solution File, Format Version 12.00
# Visual Studio Version 17
VisualStudioVersion = 17.0.31919.166
MinimumVisualStudioVersion = 10.0.40219.1
Project("{FAE04EC0-301F-11D3-BF4B-00C04F79EFBC}") = "EFCoreInheritanceTests", "EFCoreInheritanceTests\EFCoreInheritanceTests.csproj", "{CF4E87C9-E0FD-41A9-AAD0-BA9C5ECD89D8}"
EndProject
Global
	GlobalSection(SolutionConfigurationPlatforms) = preSolution
		Debug|Any CPU = Debug|Any CPU
		Release|Any CPU = Release|Any CPU
	EndGlobalSection
	GlobalSection(ProjectConfigurationPlatforms) = postSolution
		{CF4E87C9-E0FD-41A9-AAD0-BA9C5ECD89D8}.Debug|Any CPU.ActiveCfg = Debug|Any CPU
		{CF4E87C9-E0FD-41A9-AAD0-BA9C5ECD89D8}.Debug|Any CPU.Build.0 = Debug|Any CPU
		{CF4E87C9-E0FD-41A9-AAD0-BA9C5ECD89D8}.Release|Any CPU.ActiveCfg = Release|Any CPU
		{CF4E87C9-E0FD-41A9-AAD0-BA9C5ECD89D8}.Release|Any CPU.Build.0 = Release|Any CPU
	EndGlobalSection
	GlobalSection(SolutionProperties) = preSolution
		HideSolutionNode = FALSE
	EndGlobalSection
	GlobalSection(ExtensibilityGlobals) = postSolution
		SolutionGuid = {2EB15C9F-A45D-4ADC-9D78-F6820DE67FC1}
	EndGlobalSection
EndGlobal
